
Microsoft Visual Studio Solution File, Format Version 12.00
# Visual Studio Version 16
VisualStudioVersion = 16.0.30002.166
MinimumVisualStudioVersion = 10.0.40219.1
Project("{FAE04EC0-301F-11D3-BF4B-00C04F79EFBC}") = "mybook", "mybook\mybook.csproj", "{65561453-5B4E-4484-A2D7-2608CED20BD5}"
EndProject
Global
	GlobalSection(SolutionConfigurationPlatforms) = preSolution
		Debug|Any CPU = Debug|Any CPU
		Release|Any CPU = Release|Any CPU
	EndGlobalSection
	GlobalSection(ProjectConfigurationPlatforms) = postSolution
		{65561453-5B4E-4484-A2D7-2608CED20BD5}.Debug|Any CPU.ActiveCfg = Debug|Any CPU
		{65561453-5B4E-4484-A2D7-2608CED20BD5}.Debug|Any CPU.Build.0 = Debug|Any CPU
		{65561453-5B4E-4484-A2D7-2608CED20BD5}.Release|Any CPU.ActiveCfg = Release|Any CPU
		{65561453-5B4E-4484-A2D7-2608CED20BD5}.Release|Any CPU.Build.0 = Release|Any CPU
	EndGlobalSection
	GlobalSection(SolutionProperties) = preSolution
		HideSolutionNode = FALSE
	EndGlobalSection
	GlobalSection(ExtensibilityGlobals) = postSolution
		SolutionGuid = {73EFD5DE-D298-4D5A-9DA5-94B67ED7FA7E}
	EndGlobalSection
EndGlobal
